
Microsoft Visual Studio Solution File, Format Version 12.00
Project("{FAE04EC0-301F-11D3-BF4B-00C04F79EFBC}") = "Task10", "Task10\Task10.csproj", "{FB1F2FA1-26BD-4882-B29C-C38DC9769568}"
EndProject
Global
	GlobalSection(SolutionConfigurationPlatforms) = preSolution
		Debug|Any CPU = Debug|Any CPU
		Release|Any CPU = Release|Any CPU
	EndGlobalSection
	GlobalSection(ProjectConfigurationPlatforms) = postSolution
		{FB1F2FA1-26BD-4882-B29C-C38DC9769568}.Debug|Any CPU.ActiveCfg = Debug|Any CPU
		{FB1F2FA1-26BD-4882-B29C-C38DC9769568}.Debug|Any CPU.Build.0 = Debug|Any CPU
		{FB1F2FA1-26BD-4882-B29C-C38DC9769568}.Release|Any CPU.ActiveCfg = Release|Any CPU
		{FB1F2FA1-26BD-4882-B29C-C38DC9769568}.Release|Any CPU.Build.0 = Release|Any CPU
	EndGlobalSection
EndGlobal
